dependencies:
- condition: ""
  enabled: false
  import-values: null
  name: mariadb
  repository: https://kubernetes-charts.storage.googleapis.com/
  tags: null
  version: 0.6.3
digest: sha256:99135a083bee8717224e9f5a4e151b2831bc8367b1b88075b6405dd190ac7a11
generated: 2017-06-22T19:36:49.704907344-04:00
