dependencies:
- alias: ""
  condition: ""
  enabled: false
  import-values: null
  name: mongodb
  repository: https://kubernetes-charts.storage.googleapis.com/
  tags: null
  version: 0.4.12
digest: sha256:d427b14dfbfd1b9ab8c943a441a5f775be8d0f6abd2cd103fb5dd64b2cb4b7e4
generated: 2017-07-28T11:45:02.711423499+05:30
