dependencies:
- name: mariadb
  repository: https://kubernetes-charts.storage.googleapis.com/
  version: 5.11.3
- name: elasticsearch
  repository: https://kubernetes-charts.storage.googleapis.com/
  version: 1.26.2
digest: sha256:b8276d2d458462fb87b222b5a45fa01461f11140acce57ccd1878b80c9eb7991
generated: 2019-05-20T16:42:21.321514+02:00
