dependencies:
- name: redis
  repository: https://kubernetes-charts.storage.googleapis.com/
  version: 5.3.0
- name: postgresql
  repository: https://kubernetes-charts.storage.googleapis.com/
  version: 3.9.2
digest: sha256:de374f7133c50038127a11d5039ccb63233be2f7f0c6ae0b8f7488689e522f90
generated: 2019-01-17T17:30:09.867165219-08:00
