dependencies:
- condition: ""
  enabled: false
  import-values: null
  name: mariadb
  repository: https://kubernetes-charts.storage.googleapis.com/
  tags: null
  version: 0.6.1
digest: sha256:c041d6925bd7c7b79e5563d036bb62c5324c5ce65761940fb5127da9be2a805e
generated: 2017-05-08T18:17:39.86160211-04:00
