dependencies:
- name: postgresql
  repository: https://kubernetes-charts.storage.googleapis.com/
  version: 0.6.0
- name: cockroachdb
  repository: https://kubernetes-charts.storage.googleapis.com/
  version: 2.1.8
digest: sha256:6b623f8f4fd194eafcda9018bfec07d5495749cc3c1b2ad08fdf9170c98bce30
generated: 2019-05-30T14:36:11.655517712+01:00
