dependencies:
- name: zookeeper
  repository: https://kubernetes-charts-incubator.storage.googleapis.com/
  version: 1.2.0
- name: mysql
  repository: https://kubernetes-charts.storage.googleapis.com/
  version: 0.10.2
- name: postgresql
  repository: https://kubernetes-charts.storage.googleapis.com/
  version: 3.11.7
digest: sha256:6e78343dcad8a1a9d6d92236c18357046488ad4ffeec57ea9a08cefa1465d825
generated: 2019-03-06T15:12:11.971485109-05:00
