dependencies:
- name: mariadb
  repository: https://kubernetes-charts.storage.googleapis.com/
  version: 7.3.10
- name: postgresql
  repository: https://kubernetes-charts.storage.googleapis.com/
  version: 8.3.4
digest: sha256:6c97e918ca20a32a31f964f8070f24be018c99107c1c27df6d8dac72edad500a
generated: "2020-02-20T14:22:23.574755318Z"
