dependencies:
- condition: ""
  enabled: false
  import-values: null
  name: mariadb
  repository: https://kubernetes-charts.storage.googleapis.com/
  tags: null
  version: 0.6.2
- condition: ""
  enabled: false
  import-values: null
  name: postgresql
  repository: https://kubernetes-charts.storage.googleapis.com/
  tags: null
  version: 0.7.1
digest: sha256:dee3abb88198c7aacd63b3ea276a56c7c96665cd13f0e299eb883bec04e02f50
generated: 2017-06-21T11:53:59.892629329-04:00
