dependencies:
- name: redis
  repository: https://kubernetes-charts.storage.googleapis.com/
  version: 0.4.1
- name: postgresql
  repository: https://kubernetes-charts.storage.googleapis.com/
  version: 0.3.2
digest: sha256:3fe0cb5b8ee13788adbc97b2a649c9ad4609b6fb39aca5ed8f917e092b829e5f
generated: 2017-01-27T17:08:16.286077424-08:00
