dependencies:
- name: redis
  repository: https://kubernetes-charts.storage.googleapis.com/
  version: 0.4.1
- name: postgresql
  repository: https://kubernetes-charts.storage.googleapis.com/
  version: 0.3.1
digest: sha256:7c108084a3787f7376f13f33b92677890b5354b2e342b052442b8903687d398d
generated: 2017-01-27T16:14:43.481565832-08:00
