dependencies:
- name: mysql
  repository: https://kubernetes-charts.storage.googleapis.com/
  version: 1.1.0
- name: rabbitmq
  repository: https://kubernetes-charts.storage.googleapis.com/
  version: 0.6.16
- name: rabbitmq-ha
  repository: https://kubernetes-charts.storage.googleapis.com/
  version: 1.27.1
- name: kafka
  repository: https://kubernetes-charts-incubator.storage.googleapis.com/
  version: 0.13.11
digest: sha256:4e5fede66171e495a9783d7a876d18c7b6f4bcf12704b6120ec907dd4af04e9d
generated: 2019-05-27T11:45:39.300300081+08:00
