dependencies:
- name: mongodb-replicaset
  repository: https://charts.helm.sh/stable
  version: 3.6.4
- name: redis-ha
  repository: https://charts.helm.sh/stable
  version: 3.0.0
digest: sha256:de7c34b52481ed2fc6bfeba81cb5b133506c0bda703aae1483fa56ad53358d80
generated: "2020-10-30T11:39:30.334756-04:00"
