dependencies:
- name: postgresql
  repository: https://kubernetes-charts.storage.googleapis.com
  version: 0.9.1
- name: redis
  repository: https://kubernetes-charts.storage.googleapis.com
  version: 1.1.17
digest: sha256:bf5d3cea0e813fd17c6eec0e223ae3ba12769912c9334ef489637f929b370b6c
generated: 2018-03-09T13:54:13.408999124-07:00
