dependencies:
- name: redis
  repository: https://kubernetes-charts.storage.googleapis.com/
  version: 10.5.3
- name: minio
  repository: https://kubernetes-charts.storage.googleapis.com/
  version: 5.0.33
digest: sha256:87f9ce020cf7ea59e9574750e427d53ca77c4621fb9d8551aa0b5ba0f0b190ff
generated: "2020-10-11T13:04:18.946343422+01:00"
