dependencies:
- name: redis
  repository: https://kubernetes-charts.storage.googleapis.com/
  version: 1.1.6
- name: minio
  repository: https://kubernetes-charts.storage.googleapis.com/
  version: 1.1.1
digest: sha256:8da1ca1cff738d5421f6b37f98aa9e1b7598db14125b0ac0d326d6f592e0120e
generated: 2018-06-29T14:43:16.899559301-07:00
