dependencies:
- name: redis
  repository: https://kubernetes-charts.storage.googleapis.com/
  version: 10.5.3
- name: minio
  repository: https://kubernetes-charts.storage.googleapis.com/
  version: 5.0.9
digest: sha256:106d25a8f1fb7a20ce2e7289bc150dca8c23a45d1e63b27df5b21bd8a6d642bd
generated: "2020-02-20T14:53:08.2196-05:00"
