dependencies:
- name: postgresql
  repository: https://kubernetes-charts.storage.googleapis.com
  version: 1.0.0
- name: postgresql
  repository: https://kubernetes-charts.storage.googleapis.com
  version: 1.0.0
- name: redis
  repository: https://kubernetes-charts.storage.googleapis.com
  version: 7.0.1
digest: sha256:c72be0f60c6cb3d764e444e77a51eae11beb0b782bde8c528cb61783dab18e67
generated: 2019-05-03T18:05:43.587423-07:00
