dependencies:
- condition: ""
  enabled: false
  name: postgresql
  repository: https://kubernetes-charts.storage.googleapis.com/
  tags: null
  version: 0.7.1
- condition: ""
  enabled: false
  name: redis
  repository: https://kubernetes-charts.storage.googleapis.com/
  tags: null
  version: 0.6.0
digest: sha256:ea6510a357c699082e455250d166978c363f420ee8d589c48492e83b4c376eba
generated: 2017-06-02T06:18:46.211627938Z
