dependencies:
- condition: ""
  enabled: false
  import-values: null
  name: kube-state-metrics
  repository: https://kubernetes-charts.storage.googleapis.com/
  tags: null
  version: 0.1.0
digest: sha256:4a0aae1223aa488202fafd0d1bf83acf79e33658aa182e67246555bb673be5f8
generated: 2017-06-08T14:44:57.672594138+02:00
