dependencies:
- condition: ""
  enabled: false
  import-values: null
  name: mariadb
  repository: https://kubernetes-charts.storage.googleapis.com/
  tags: null
  version: 0.6.2
digest: sha256:66acb700f673b56045b00d0b65e3ab750f12941005e7631d69bd4101f51424ab
generated: 2017-05-18T13:23:41.48914304-04:00
