dependencies:
- name: postgresql
  repository: https://kubernetes-charts.storage.googleapis.com/
  version: 1.0.0
- name: mysql
  repository: https://kubernetes-charts.storage.googleapis.com/
  version: 0.10.1
digest: sha256:1b5b212945abc2abc2317189f0d048b1c90f093db8ed5482db2c35a9d463259f
generated: 2018-10-22T16:32:44.32018675-04:00
