dependencies:
- name: elasticsearch
  repository: https://kubernetes-charts-incubator.storage.googleapis.com/
  version: 0.4.7
- name: kibana
  repository: https://kubernetes-charts.storage.googleapis.com/
  version: 0.2.2
- name: logstash
  repository: https://kubernetes-charts-incubator.storage.googleapis.com/
  version: 0.6.0
- name: fluentd
  repository: https://kubernetes-charts-incubator.storage.googleapis.com/
  version: 0.1.3
digest: sha256:07b1ceb06d38c99bd50108678fc8e5a951026b3282b8c86221cdae5cb1ccbd82
generated: 2018-03-01T19:09:06.508421-05:00
