dependencies:
- name: elasticsearch
  repository: https://kubernetes-charts-incubator.storage.googleapis.com/
  version: 1.10.1
- name: kibana
  repository: https://kubernetes-charts.storage.googleapis.com/
  version: 0.16.0
- name: logstash
  repository: https://kubernetes-charts-incubator.storage.googleapis.com/
  version: 0.9.5
- name: fluentd
  repository: https://kubernetes-charts-incubator.storage.googleapis.com/
  version: 0.2.0
- name: fluent-bit
  repository: https://kubernetes-charts.storage.googleapis.com/
  version: 0.13.0
- name: fluentd-elasticsearch
  repository: https://kubernetes-charts.storage.googleapis.com/
  version: 1.0.3
- name: nginx-ldapauth-proxy
  repository: https://kubernetes-charts.storage.googleapis.com/
  version: 0.1.2
- name: elasticsearch-curator
  repository: https://kubernetes-charts-incubator.storage.googleapis.com/
  version: 0.4.1
digest: sha256:33bb5849da85df4c74786a29395517974c62aac3181608857243b4eb74f5c3aa
generated: 2018-10-15T15:03:23.245172998-04:00
