dependencies:
- name: mariadb
  repository: https://kubernetes-charts.storage.googleapis.com/
  version: 5.5.2
- name: redis
  repository: https://kubernetes-charts.storage.googleapis.com/
  version: 6.1.0
digest: sha256:bb0db15a8591618d2b69d970a7569c8f34844c842afea8cbdbd2a23f4829149c
generated: 2019-02-17T00:04:03.94861097-06:00
