dependencies:
- name: mariadb
  repository: https://charts.bitnami.com/bitnami
  version: 7.3.16
- name: redis
  repository: https://charts.bitnami.com/bitnami
  version: 10.6.3
digest: sha256:e3665c89dc40bb6d06b6da59a57dad4d14903a06acd0c5216c8aeadcdafdd596
generated: "2020-04-09T11:16:20.566008+03:00"
