dependencies:
- name: mariadb
  repository: https://charts.bitnami.com/bitnami
  version: 7.3.19
- name: redis
  repository: https://kubernetes-charts.storage.googleapis.com/
  version: 10.5.7
digest: sha256:3543c6d40124bd4803178516fcc7c3233d6cf73e174b3d13ca81cdaed37897c9
generated: "2020-04-18T21:42:01.397500726+02:00"
