dependencies:
- name: postgresql
  repository: https://kubernetes-charts.storage.googleapis.com/
  version: 0.8.7
- name: gcloud-sqlproxy
  repository: https://kubernetes-charts.storage.googleapis.com/
  version: 0.3.5
digest: sha256:22e9150be9293edeb7edeaea9e3fa8d3cd25a7a110af875a40a691fedc72f7d9
generated: 2018-06-22T15:57:51.515788+02:00
