dependencies:
- name: elasticsearch
  repository: https://kubernetes-charts.storage.googleapis.com/
  version: 1.29.0
- name: kibana
  repository: https://kubernetes-charts.storage.googleapis.com/
  version: 3.1.1
- name: filebeat
  repository: https://kubernetes-charts.storage.googleapis.com/
  version: 1.7.0
- name: logstash
  repository: https://kubernetes-charts.storage.googleapis.com/
  version: 1.13.0
- name: fluentd
  repository: https://kubernetes-charts.storage.googleapis.com/
  version: 1.10.0
- name: fluent-bit
  repository: https://kubernetes-charts.storage.googleapis.com/
  version: 1.10.3
- name: fluentd-elasticsearch
  repository: https://kubernetes-charts.storage.googleapis.com/
  version: 2.0.7
- name: nginx-ldapauth-proxy
  repository: https://kubernetes-charts.storage.googleapis.com/
  version: 0.1.2
- name: elasticsearch-curator
  repository: https://kubernetes-charts.storage.googleapis.com/
  version: 1.5.0
- name: elasticsearch-exporter
  repository: https://kubernetes-charts.storage.googleapis.com/
  version: 1.4.1
digest: sha256:e2cec5a01efc6cec334e2533b4ad9d227178f7f996b378232ea20185e1f855aa
generated: 2019-06-21T10:17:35.632875151+05:30
