dependencies:
- alias: ""
  condition: ""
  enabled: false
  import-values: null
  name: postgresql
  repository: https://kubernetes-charts.storage.googleapis.com/
  tags: null
  version: 0.7.1
digest: sha256:718d8455a083f65c65523de3c41f11f6d6dfcda73429ce82a92451ed722f63d4
generated: 2017-07-10T11:38:28.289457275-03:00
