dependencies:
- condition: ""
  enabled: false
  import-values: null
  name: etcd
  repository: https://kubernetes-charts-incubator.storage.googleapis.com/
  tags: null
  version: 0.2.0
- condition: ""
  enabled: false
  import-values: null
  name: zookeeper
  repository: https://kubernetes-charts-incubator.storage.googleapis.com/
  tags: null
  version: 0.2.2
digest: sha256:ed4749006a80afc86bea060deb19573f94a512bc63507b7d6ce8968c7e3a1932
generated: 2017-07-03T16:42:50.375346516+01:00
